
Microsoft Visual Studio Solution File, Format Version 12.00
Project("{FAE04EC0-301F-11D3-BF4B-00C04F79EFBC}") = "WOZ", "WOZ\WOZ.csproj", "{EE93299A-BF03-4304-81DC-BF9F3036D39B}"
EndProject
Global
	GlobalSection(SolutionConfigurationPlatforms) = preSolution
		Debug|Any CPU = Debug|Any CPU
		Release|Any CPU = Release|Any CPU
	EndGlobalSection
	GlobalSection(ProjectConfigurationPlatforms) = postSolution
		{EE93299A-BF03-4304-81DC-BF9F3036D39B}.Debug|Any CPU.ActiveCfg = Debug|Any CPU
		{EE93299A-BF03-4304-81DC-BF9F3036D39B}.Debug|Any CPU.Build.0 = Debug|Any CPU
		{EE93299A-BF03-4304-81DC-BF9F3036D39B}.Release|Any CPU.ActiveCfg = Release|Any CPU
		{EE93299A-BF03-4304-81DC-BF9F3036D39B}.Release|Any CPU.Build.0 = Release|Any CPU
	EndGlobalSection
EndGlobal
